
Microsoft Visual Studio Solution File, Format Version 12.00
# Visual Studio Version 17
VisualStudioVersion = 17.10.35027.167
MinimumVisualStudioVersion = 10.0.40219.1
Project("{FAE04EC0-301F-11D3-BF4B-00C04F79EFBC}") = "CarModelManagement", "CarModelManagement\CarModelManagement.csproj", "{3577443D-090E-419F-A42D-F7FD2868578F}"
EndProject
Global
	GlobalSection(SolutionConfigurationPlatforms) = preSolution
		Debug|Any CPU = Debug|Any CPU
		Release|Any CPU = Release|Any CPU
	EndGlobalSection
	GlobalSection(ProjectConfigurationPlatforms) = postSolution
		{3577443D-090E-419F-A42D-F7FD2868578F}.Debug|Any CPU.ActiveCfg = Debug|Any CPU
		{3577443D-090E-419F-A42D-F7FD2868578F}.Debug|Any CPU.Build.0 = Debug|Any CPU
		{3577443D-090E-419F-A42D-F7FD2868578F}.Release|Any CPU.ActiveCfg = Release|Any CPU
		{3577443D-090E-419F-A42D-F7FD2868578F}.Release|Any CPU.Build.0 = Release|Any CPU
	EndGlobalSection
	GlobalSection(SolutionProperties) = preSolution
		HideSolutionNode = FALSE
	EndGlobalSection
	GlobalSection(ExtensibilityGlobals) = postSolution
		SolutionGuid = {EEA1B41A-4917-4210-BF3A-C703B4ABC03F}
	EndGlobalSection
EndGlobal
